
Microsoft Visual Studio Solution File, Format Version 12.00
# Visual Studio Version 16
VisualStudioVersion = 25.0.1705.5
MinimumVisualStudioVersion = 10.0.40219.1
Project("{FAE04EC0-301F-11D3-BF4B-00C04F79EFBC}") = "GeolocationApi", "GeolocationApi\GeolocationApi.csproj", "{58E24A2B-729C-4B34-96AE-B8A3414C098C}"
EndProject
Global
	GlobalSection(SolutionConfigurationPlatforms) = preSolution
		Debug|Any CPU = Debug|Any CPU
		Release|Any CPU = Release|Any CPU
	EndGlobalSection
	GlobalSection(ProjectConfigurationPlatforms) = postSolution
		{58E24A2B-729C-4B34-96AE-B8A3414C098C}.Debug|Any CPU.ActiveCfg = Debug|Any CPU
		{58E24A2B-729C-4B34-96AE-B8A3414C098C}.Debug|Any CPU.Build.0 = Debug|Any CPU
		{58E24A2B-729C-4B34-96AE-B8A3414C098C}.Release|Any CPU.ActiveCfg = Release|Any CPU
		{58E24A2B-729C-4B34-96AE-B8A3414C098C}.Release|Any CPU.Build.0 = Release|Any CPU
	EndGlobalSection
	GlobalSection(SolutionProperties) = preSolution
		HideSolutionNode = FALSE
	EndGlobalSection
	GlobalSection(ExtensibilityGlobals) = postSolution
		SolutionGuid = {CD2612E5-314C-4579-B764-6A44A38D70E6}
	EndGlobalSection
EndGlobal
